
Microsoft Visual Studio Solution File, Format Version 12.00
# Visual Studio Version 17
VisualStudioVersion = 17.10.35122.118
MinimumVisualStudioVersion = 10.0.40219.1
Project("{9A19103F-16F7-4668-BE54-9A1E7A4F7556}") = "IdentityServerProject", "IdentityServerProject\IdentityServerProject.csproj", "{4467918E-0FC3-4BDE-B458-909187801A82}"
EndProject
Global
	GlobalSection(SolutionConfigurationPlatforms) = preSolution
		Debug|Any CPU = Debug|Any CPU
		Release|Any CPU = Release|Any CPU
	EndGlobalSection
	GlobalSection(ProjectConfigurationPlatforms) = postSolution
		{4467918E-0FC3-4BDE-B458-909187801A82}.Debug|Any CPU.ActiveCfg = Debug|Any CPU
		{4467918E-0FC3-4BDE-B458-909187801A82}.Debug|Any CPU.Build.0 = Debug|Any CPU
		{4467918E-0FC3-4BDE-B458-909187801A82}.Release|Any CPU.ActiveCfg = Release|Any CPU
		{4467918E-0FC3-4BDE-B458-909187801A82}.Release|Any CPU.Build.0 = Release|Any CPU
	EndGlobalSection
	GlobalSection(SolutionProperties) = preSolution
		HideSolutionNode = FALSE
	EndGlobalSection
	GlobalSection(ExtensibilityGlobals) = postSolution
		SolutionGuid = {30514DD0-EAFB-4E06-A925-37F6671F1FAD}
	EndGlobalSection
EndGlobal
